// !$*UTF8*$!
{
	archiveVersion = 1;
	classes = {
	};
	objectVersion = 50;
	objects = {

/* Begin PBXBuildFile section */
		ABBDD16625E49EFA0056CBD6 /* Assets.xcassets in Resources */ = {isa = PBXBuildFile; fileRef = ABBDD16525E49EFA0056CBD6 /* Assets.xcassets */; };
		ABBDD16925E49EFA0056CBD6 /* LaunchScreen.storyboard in Resources */ = {isa = PBXBuildFile; fileRef = ABBDD16725E49EFA0056CBD6 /* LaunchScreen.storyboard */; };
		ABBDD16C25E49EFA0056CBD6 /* main.m in Sources */ = {isa = PBXBuildFile; fileRef = ABBDD16B25E49EFA0056CBD6 /* main.m */; };
		ABBDD17925E49F840056CBD6 /* ZZHAppDelegate.m in Sources */ = {isa = PBXBuildFile; fileRef = ABBDD17625E49F840056CBD6 /* ZZHAppDelegate.m */; };
		ABBDD17A25E49F840056CBD6 /* ZZHViewController.m in Sources */ = {isa = PBXBuildFile; fileRef = ABBDD17825E49F840056CBD6 /* ZZHViewController.m */; };
/* End PBXBuildFile section */

/* Begin PBXFileReference section */
		ABBDD15625E49EEE0056CBD6 /* ZZHPROJECT.app */ = {isa = PBXFileReference; explicitFileType = wrapper.application; includeInIndex = 0; path = ZZHPROJECT.app; sourceTree = BUILT_PRODUCTS_DIR; };
		ABBDD16525E49EFA0056CBD6 /* Assets.xcassets */ = {isa = PBXFileReference; lastKnownFileType = folder.assetcatalog; path = Assets.xcassets; sourceTree = "<group>"; };
		ABBDD16825E49EFA0056CBD6 /* Base */ = {isa = PBXFileReference; lastKnownFileType = file.storyboard; name = Base; path = Base.lproj/LaunchScreen.storyboard; sourceTree = "<group>"; };
		ABBDD16A25E49EFA0056CBD6 /* Info.plist */ = {isa = PBXFileReference; lastKnownFileType = text.plist.xml; path = Info.plist; sourceTree = "<group>"; };
		ABBDD16B25E49EFA0056CBD6 /* main.m */ = {isa = PBXFileReference; lastKnownFileType = sourcecode.c.objc; path = main.m; sourceTree = "<group>"; };
		ABBDD17525E49F840056CBD6 /* ZZHAppDelegate.h */ = {isa = PBXFileReference; fileEncoding = 4; lastKnownFileType = sourcecode.c.h; path = ZZHAppDelegate.h; sourceTree = "<group>"; };
		ABBDD17625E49F840056CBD6 /* ZZHAppDelegate.m */ = {isa = PBXFileReference; fileEncoding = 4; lastKnownFileType = sourcecode.c.objc; path = ZZHAppDelegate.m; sourceTree = "<group>"; };
		ABBDD17725E49F840056CBD6 /* ZZHViewController.h */ = {isa = PBXFileReference; fileEncoding = 4; lastKnownFileType = sourcecode.c.h; path = ZZHViewController.h; sourceTree = "<group>"; };
		ABBDD17825E49F840056CBD6 /* ZZHViewController.m */ = {isa = PBXFileReference; fileEncoding = 4; lastKnownFileType = sourcecode.c.objc; path = ZZHViewController.m; sourceTree = "<group>"; };
/* End PBXFileReference section */

/* Begin PBXFrameworksBuildPhase section */
		ABBDD15325E49EEE0056CBD6 /* Frameworks */ = {
			isa = PBXFrameworksBuildPhase;
			buildActionMask = 2147483647;
			files = (
			);
			runOnlyForDeploymentPostprocessing = 0;
		};
/* End PBXFrameworksBuildPhase section */

/* Begin PBXGroup section */
		ABBDD14D25E49EEE0056CBD6 = {
			isa = PBXGroup;
			children = (
				ABBDD15825E49EEE0056CBD6 /* ZZHPROJECT */,
				ABBDD15725E49EEE0056CBD6 /* Products */,
			);
			sourceTree = "<group>";
		};
		ABBDD15725E49EEE0056CBD6 /* Products */ = {
			isa = PBXGroup;
			children = (
				ABBDD15625E49EEE0056CBD6 /* ZZHPROJECT.app */,
			);
			name = Products;
			sourceTree = "<group>";
		};
		ABBDD15825E49EEE0056CBD6 /* ZZHPROJECT */ = {
			isa = PBXGroup;
			children = (
				ABBDD17525E49F840056CBD6 /* ZZHAppDelegate.h */,
				ABBDD17625E49F840056CBD6 /* ZZHAppDelegate.m */,
				ABBDD17725E49F840056CBD6 /* ZZHViewController.h */,
				ABBDD17825E49F840056CBD6 /* ZZHViewController.m */,
				ABBDD16525E49EFA0056CBD6 /* Assets.xcassets */,
				ABBDD16725E49EFA0056CBD6 /* LaunchScreen.storyboard */,
				ABBDD16A25E49EFA0056CBD6 /* Info.plist */,
				ABBDD16B25E49EFA0056CBD6 /* main.m */,
			);
			path = ZZHPROJECT;
			sourceTree = "<group>";
		};
/* End PBXGroup section */

/* Begin PBXNativeTarget section */
		ABBDD15525E49EEE0056CBD6 /* ZZHPROJECT */ = {
			isa = PBXNativeTarget;
			buildConfigurationList = ABBDD16F25E49EFA0056CBD6 /* Build configuration list for PBXNativeTarget "ZZHPROJECT" */;
			buildPhases = (
				ABBDD15225E49EEE0056CBD6 /* Sources */,
				ABBDD15325E49EEE0056CBD6 /* Frameworks */,
				ABBDD15425E49EEE0056CBD6 /* Resources */,
			);
			buildRules = (
			);
			dependencies = (
			);
			name = ZZHPROJECT;
			productName = ZZHPROJECT;
			productReference = ABBDD15625E49EEE0056CBD6 /* ZZHPROJECT.app */;
			productType = "com.apple.product-type.application";
		};
/* End PBXNativeTarget section */

/* Begin PBXProject section */
		ABBDD14E25E49EEE0056CBD6 /* Project object */ = {
			isa = PBXProject;
			attributes = {
				LastUpgradeCheck = 1240;
				TargetAttributes = {
					ABBDD15525E49EEE0056CBD6 = {
						CreatedOnToolsVersion = 12.4;
					};
				};
			};
			buildConfigurationList = ABBDD15125E49EEE0056CBD6 /* Build configuration list for PBXProject "ZZHPROJECT" */;
			compatibilityVersion = "Xcode 9.3";
			developmentRegion = en;
			hasScannedForEncodings = 0;
			knownRegions = (
				en,
				Base,
			);
			mainGroup = ABBDD14D25E49EEE0056CBD6;
			productRefGroup = ABBDD15725E49EEE0056CBD6 /* Products */;
			projectDirPath = "";
			projectRoot = "";
			targets = (
				ABBDD15525E49EEE0056CBD6 /* ZZHPROJECT */,
			);
		};
/* End PBXProject section */

/* Begin PBXResourcesBuildPhase section */
		ABBDD15425E49EEE0056CBD6 /* Resources */ = {
			isa = PBXResourcesBuildPhase;
			buildActionMask = 2147483647;
			files = (
				ABBDD16925E49EFA0056CBD6 /* LaunchScreen.storyboard in Resources */,
				ABBDD16625E49EFA0056CBD6 /* Assets.xcassets in Resources */,
			);
			runOnlyForDeploymentPostprocessing = 0;
		};
/* End PBXResourcesBuildPhase section */

/* Begin PBXSourcesBuildPhase section */
		ABBDD15225E49EEE0056CBD6 /* Sources */ = {
			isa = PBXSourcesBuildPhase;
			buildActionMask = 2147483647;
			files = (
				ABBDD17925E49F840056CBD6 /* ZZHAppDelegate.m in Sources */,
				ABBDD16C25E49EFA0056CBD6 /* main.m in Sources */,
				ABBDD17A25E49F840056CBD6 /* ZZHViewController.m in Sources */,
			);
			runOnlyForDeploymentPostprocessing = 0;
		};
/* End PBXSourcesBuildPhase section */

/* Begin PBXVariantGroup section */
		ABBDD16725E49EFA0056CBD6 /* LaunchScreen.storyboard */ = {
			isa = PBXVariantGroup;
			children = (
				ABBDD16825E49EFA0056CBD6 /* Base */,
			);
			name = LaunchScreen.storyboard;
			sourceTree = "<group>";
		};
/* End PBXVariantGroup section */

/* Begin XCBuildConfiguration section */
		ABBDD16D25E49EFA0056CBD6 /* Debug */ = {
			isa = XCBuildConfiguration;
			buildSettings = {
				ALWAYS_SEARCH_USER_PATHS = NO;
				CLANG_ANALYZER_NONNULL = YES;
				CLANG_ANALYZER_NUMBER_OBJECT_CONVERSION = YES_AGGRESSIVE;
				CLANG_CXX_LANGUAGE_STANDARD = "gnu++14";
				CLANG_CXX_LIBRARY = "libc++";
				CLANG_ENABLE_MODULES = YES;
				CLANG_ENABLE_OBJC_ARC = YES;
				CLANG_ENABLE_OBJC_WEAK = YES;
				CLANG_WARN_BLOCK_CAPTURE_AUTORELEASING = YES;
				CLANG_WARN_BOOL_CONVERSION = YES;
				CLANG_WARN_COMMA = YES;
				CLANG_WARN_CONSTANT_CONVERSION = YES;
				CLANG_WARN_DEPRECATED_OBJC_IMPLEMENTATIONS = YES;
				CLANG_WARN_DIRECT_OBJC_ISA_USAGE = YES_ERROR;
				CLANG_WARN_DOCUMENTATION_COMMENTS = YES;
				CLANG_WARN_EMPTY_BODY = YES;
				CLANG_WARN_ENUM_CONVERSION = YES;
				CLANG_WARN_INFINITE_RECURSION = YES;
				CLANG_WARN_INT_CONVERSION = YES;
				CLANG_WARN_NON_LITERAL_NULL_CONVERSION = YES;
				CLANG_WARN_OBJC_IMPLICIT_RETAIN_SELF = YES;
				CLANG_WARN_OBJC_LITERAL_CONVERSION = YES;
				CLANG_WARN_OBJC_ROOT_CLASS = YES_ERROR;
				CLANG_WARN_QUOTED_INCLUDE_IN_FRAMEWORK_HEADER = YES;
				CLANG_WARN_RANGE_LOOP_ANALYSIS = YES;
				CLANG_WARN_STRICT_PROTOTYPES = YES;
				CLANG_WARN_SUSPICIOUS_MOVE = YES;
				CLANG_WARN_UNGUARDED_AVAILABILITY = YES_AGGRESSIVE;
				CLANG_WARN_UNREACHABLE_CODE = YES;
				CLANG_WARN__DUPLICATE_METHOD_MATCH = YES;
				COPY_PHASE_STRIP = NO;
				DEBUG_INFORMATION_FORMAT = dwarf;
				ENABLE_STRICT_OBJC_MSGSEND = YES;
				ENABLE_TESTABILITY = YES;
				GCC_C_LANGUAGE_STANDARD = gnu11;
				GCC_DYNAMIC_NO_PIC = NO;
				GCC_NO_COMMON_BLOCKS = YES;
				GCC_OPTIMIZATION_LEVEL = 0;
				GCC_PREPROCESSOR_DEFINITIONS = (
					"DEBUG=1",
					"$(inherited)",
				);
				GCC_WARN_64_TO_32_BIT_CONVERSION = YES;
				GCC_WARN_ABOUT_RETURN_TYPE = YES_ERROR;
				GCC_WARN_UNDECLARED_SELECTOR = YES;
				GCC_WARN_UNINITIALIZED_AUTOS = YES_AGGRESSIVE;
				GCC_WARN_UNUSED_FUNCTION = YES;
				GCC_WARN_UNUSED_VARIABLE = YES;
				IPHONEOS_DEPLOYMENT_TARGET = 9.0;
				MTL_ENABLE_DEBUG_INFO = INCLUDE_SOURCE;
				MTL_FAST_MATH = YES;
				ONLY_ACTIVE_ARCH = YES;
				SDKROOT = iphoneos;
			};
			name = Debug;
		};
		ABBDD16E25E49EFA0056CBD6 /* Release */ = {
			isa = XCBuildConfiguration;
			buildSettings = {
				ALWAYS_SEARCH_USER_PATHS = NO;
				CLANG_ANALYZER_NONNULL = YES;
				CLANG_ANALYZER_NUMBER_OBJECT_CONVERSION = YES_AGGRESSIVE;
				CLANG_CXX_LANGUAGE_STANDARD = "gnu++14";
				CLANG_CXX_LIBRARY = "libc++";
				CLANG_ENABLE_MODULES = YES;
				CLANG_ENABLE_OBJC_ARC = YES;
				CLANG_ENABLE_OBJC_WEAK = YES;
				CLANG_WARN_BLOCK_CAPTURE_AUTORELEASING = YES;
				CLANG_WARN_BOOL_CONVERSION = YES;
				CLANG_WARN_COMMA = YES;
				CLANG_WARN_CONSTANT_CONVERSION = YES;
				CLANG_WARN_DEPRECATED_OBJC_IMPLEMENTATIONS = YES;
				CLANG_WARN_DIRECT_OBJC_ISA_USAGE = YES_ERROR;
				CLANG_WARN_DOCUMENTATION_COMMENTS = YES;
				CLANG_WARN_EMPTY_BODY = YES;
				CLANG_WARN_ENUM_CONVERSION = YES;
				CLANG_WARN_INFINITE_RECURSION = YES;
				CLANG_WARN_INT_CONVERSION = YES;
				CLANG_WARN_NON_LITERAL_NULL_CONVERSION = YES;
				CLANG_WARN_OBJC_IMPLICIT_RETAIN_SELF = YES;
				CLANG_WARN_OBJC_LITERAL_CONVERSION = YES;
				CLANG_WARN_OBJC_ROOT_CLASS = YES_ERROR;
				CLANG_WARN_QUOTED_INCLUDE_IN_FRAMEWORK_HEADER = YES;
				CLANG_WARN_RANGE_LOOP_ANALYSIS = YES;
				CLANG_WARN_STRICT_PROTOTYPES = YES;
				CLANG_WARN_SUSPICIOUS_MOVE = YES;
				CLANG_WARN_UNGUARDED_AVAILABILITY = YES_AGGRESSIVE;
				CLANG_WARN_UNREACHABLE_CODE = YES;
				CLANG_WARN__DUPLICATE_METHOD_MATCH = YES;
				COPY_PHASE_STRIP = NO;
				DEBUG_INFORMATION_FORMAT = "dwarf-with-dsym";
				ENABLE_NS_ASSERTIONS = NO;
				ENABLE_STRICT_OBJC_MSGSEND = YES;
				GCC_C_LANGUAGE_STANDARD = gnu11;
				GCC_NO_COMMON_BLOCKS = YES;
				GCC_WARN_64_TO_32_BIT_CONVERSION = YES;
				GCC_WARN_ABOUT_RETURN_TYPE = YES_ERROR;
				GCC_WARN_UNDECLARED_SELECTOR = YES;
				GCC_WARN_UNINITIALIZED_AUTOS = YES_AGGRESSIVE;
				GCC_WARN_UNUSED_FUNCTION = YES;
				GCC_WARN_UNUSED_VARIABLE = YES;
				IPHONEOS_DEPLOYMENT_TARGET = 9.0;
				MTL_ENABLE_DEBUG_INFO = NO;
				MTL_FAST_MATH = YES;
				SDKROOT = iphoneos;
				VALIDATE_PRODUCT = YES;
			};
			name = Release;
		};
		ABBDD17025E49EFA0056CBD6 /* Debug */ = {
			isa = XCBuildConfiguration;
			buildSettings = {
				ASSETCATALOG_COMPILER_APPICON_NAME = AppIcon;
				ASSETCATALOG_COMPILER_GLOBAL_ACCENT_COLOR_NAME = AccentColor;
				CODE_SIGN_STYLE = Automatic;
				DEVELOPMENT_TEAM = "";
				INFOPLIST_FILE = ZZHPROJECT/Info.plist;
				IPHONEOS_DEPLOYMENT_TARGET = 9.0;
				LD_RUNPATH_SEARCH_PATHS = (
					"$(inherited)",
					"@executable_path/Frameworks",
				);
				PRODUCT_BUNDLE_IDENTIFIER = com.easypay.ZZHPROJECT;
				PRODUCT_NAME = "$(TARGET_NAME)";
				TARGETED_DEVICE_FAMILY = "1,2";
			};
			name = Debug;
		};
		ABBDD17125E49EFA0056CBD6 /* Release */ = {
			isa = XCBuildConfiguration;
			buildSettings = {
				ASSETCATALOG_COMPILER_APPICON_NAME = AppIcon;
				ASSETCATALOG_COMPILER_GLOBAL_ACCENT_COLOR_NAME = AccentColor;
				CODE_SIGN_STYLE = Automatic;
				DEVELOPMENT_TEAM = "";
				INFOPLIST_FILE = ZZHPROJECT/Info.plist;
				IPHONEOS_DEPLOYMENT_TARGET = 9.0;
				LD_RUNPATH_SEARCH_PATHS = (
					"$(inherited)",
					"@executable_path/Frameworks",
				);
				PRODUCT_BUNDLE_IDENTIFIER = com.easypay.ZZHPROJECT;
				PRODUCT_NAME = "$(TARGET_NAME)";
				TARGETED_DEVICE_FAMILY = "1,2";
			};
			name = Release;
		};
/* End XCBuildConfiguration section */

/* Begin XCConfigurationList section */
		ABBDD15125E49EEE0056CBD6 /* Build configuration list for PBXProject "ZZHPROJECT" */ = {
			isa = XCConfigurationList;
			buildConfigurations = (
				ABBDD16D25E49EFA0056CBD6 /* Debug */,
				ABBDD16E25E49EFA0056CBD6 /* Release */,
			);
			defaultConfigurationIsVisible = 0;
			defaultConfigurationName = Release;
		};
		ABBDD16F25E49EFA0056CBD6 /* Build configuration list for PBXNativeTarget "ZZHPROJECT" */ = {
			isa = XCConfigurationList;
			buildConfigurations = (
				ABBDD17025E49EFA0056CBD6 /* Debug */,
				ABBDD17125E49EFA0056CBD6 /* Release */,
			);
			defaultConfigurationIsVisible = 0;
			defaultConfigurationName = Release;
		};
/* End XCConfigurationList section */
	};
	rootObject = ABBDD14E25E49EEE0056CBD6 /* Project object */;
}
